
Microsoft Visual Studio Solution File, Format Version 12.00
# Visual Studio Version 17
VisualStudioVersion = 17.2.32516.85
MinimumVisualStudioVersion = 10.0.40219.1
Project("{9A19103F-16F7-4668-BE54-9A1E7A4F7556}") = "GrpcShared", "GrpcShared\GrpcShared.csproj", "{B9C6FB60-42D8-478D-9570-49AA9801A837}"
EndProject
Project("{2150E333-8FDC-42A3-9474-1A3956D46DE8}") = "Solution Items", "Solution Items", "{48366E3E-EFA1-4C3C-B9AE-6FA93A51F9F9}"
	ProjectSection(SolutionItems) = preProject
		.editorconfig = .editorconfig
	EndProjectSection
EndProject
Project("{9A19103F-16F7-4668-BE54-9A1E7A4F7556}") = "GrpcServer", "GrpcServer\GrpcServer.csproj", "{820F1A31-FC8C-4341-BA49-AF4297EC619A}"
EndProject
Project("{9A19103F-16F7-4668-BE54-9A1E7A4F7556}") = "Sigma", "Sigma\Sigma.csproj", "{C24917C2-13BA-4F4E-93C1-01699E889B23}"
EndProject
Global
	GlobalSection(SolutionConfigurationPlatforms) = preSolution
		Debug|Any CPU = Debug|Any CPU
		Release|Any CPU = Release|Any CPU
	EndGlobalSection
	GlobalSection(ProjectConfigurationPlatforms) = postSolution
		{B9C6FB60-42D8-478D-9570-49AA9801A837}.Debug|Any CPU.ActiveCfg = Debug|Any CPU
		{B9C6FB60-42D8-478D-9570-49AA9801A837}.Debug|Any CPU.Build.0 = Debug|Any CPU
		{B9C6FB60-42D8-478D-9570-49AA9801A837}.Release|Any CPU.ActiveCfg = Release|Any CPU
		{B9C6FB60-42D8-478D-9570-49AA9801A837}.Release|Any CPU.Build.0 = Release|Any CPU
		{820F1A31-FC8C-4341-BA49-AF4297EC619A}.Debug|Any CPU.ActiveCfg = Debug|Any CPU
		{820F1A31-FC8C-4341-BA49-AF4297EC619A}.Debug|Any CPU.Build.0 = Debug|Any CPU
		{820F1A31-FC8C-4341-BA49-AF4297EC619A}.Release|Any CPU.ActiveCfg = Release|Any CPU
		{820F1A31-FC8C-4341-BA49-AF4297EC619A}.Release|Any CPU.Build.0 = Release|Any CPU
		{C24917C2-13BA-4F4E-93C1-01699E889B23}.Debug|Any CPU.ActiveCfg = Debug|Any CPU
		{C24917C2-13BA-4F4E-93C1-01699E889B23}.Debug|Any CPU.Build.0 = Debug|Any CPU
		{C24917C2-13BA-4F4E-93C1-01699E889B23}.Release|Any CPU.ActiveCfg = Release|Any CPU
		{C24917C2-13BA-4F4E-93C1-01699E889B23}.Release|Any CPU.Build.0 = Release|Any CPU
	EndGlobalSection
	GlobalSection(SolutionProperties) = preSolution
		HideSolutionNode = FALSE
	EndGlobalSection
	GlobalSection(ExtensibilityGlobals) = postSolution
		SolutionGuid = {CCA85C4C-6357-44D9-9260-66EE2A378CBE}
	EndGlobalSection
EndGlobal
